
Microsoft Visual Studio Solution File, Format Version 12.00
# Visual Studio Version 16
VisualStudioVersion = 16.0.30104.148
MinimumVisualStudioVersion = 10.0.40219.1
Project("{FAE04EC0-301F-11D3-BF4B-00C04F79EFBC}") = "ShipIt", "ShipIt.csproj", "{8E305DE9-C3A7-4FA9-A02B-B3688A6DA0FD}"
EndProject
Global
	GlobalSection(SolutionConfigurationPlatforms) = preSolution
		Debug|Any CPU = Debug|Any CPU
		Release|Any CPU = Release|Any CPU
	EndGlobalSection
	GlobalSection(ProjectConfigurationPlatforms) = postSolution
		{8E305DE9-C3A7-4FA9-A02B-B3688A6DA0FD}.Debug|Any CPU.ActiveCfg = Debug|Any CPU
		{8E305DE9-C3A7-4FA9-A02B-B3688A6DA0FD}.Debug|Any CPU.Build.0 = Debug|Any CPU
		{8E305DE9-C3A7-4FA9-A02B-B3688A6DA0FD}.Release|Any CPU.ActiveCfg = Release|Any CPU
		{8E305DE9-C3A7-4FA9-A02B-B3688A6DA0FD}.Release|Any CPU.Build.0 = Release|Any CPU
	EndGlobalSection
	GlobalSection(SolutionProperties) = preSolution
		HideSolutionNode = FALSE
	EndGlobalSection
	GlobalSection(ExtensibilityGlobals) = postSolution
		SolutionGuid = {9FED94E6-DADB-4696-B954-4A4DB581439A}
	EndGlobalSection
EndGlobal
